// !$*UTF8*$!
{
	archiveVersion = 1;
	classes = {
	};
	objectVersion = 51;
	objects = {

/* Begin PBXBuildFile section */
		53E32A44DCD87B85FEE4EC01 /* Pods_ContactsApp.framework in Frameworks */ = {isa = PBXBuildFile; fileRef = A32C451D0A99DD274AA6B63E /* Pods_ContactsApp.framework */; };
		F14A454424E4472600EA5729 /* ContactViewController.swift in Sources */ = {isa = PBXBuildFile; fileRef = F14A454324E4472600EA5729 /* ContactViewController.swift */; };
		F14BE68A24BB53740073B54A /* AppDelegate.swift in Sources */ = {isa = PBXBuildFile; fileRef = F14BE68924BB53740073B54A /* AppDelegate.swift */; };
		F14BE68C24BB53740073B54A /* SceneDelegate.swift in Sources */ = {isa = PBXBuildFile; fileRef = F14BE68B24BB53740073B54A /* SceneDelegate.swift */; };
		F14BE69124BB53740073B54A /* Main.storyboard in Resources */ = {isa = PBXBuildFile; fileRef = F14BE68F24BB53740073B54A /* Main.storyboard */; };
		F14BE69324BB537F0073B54A /* Assets.xcassets in Resources */ = {isa = PBXBuildFile; fileRef = F14BE69224BB537F0073B54A /* Assets.xcassets */; };
		F14BE69624BB537F0073B54A /* LaunchScreen.storyboard in Resources */ = {isa = PBXBuildFile; fileRef = F14BE69424BB537F0073B54A /* LaunchScreen.storyboard */; };
		F14BE6A324BB57C90073B54A /* Model.swift in Sources */ = {isa = PBXBuildFile; fileRef = F14BE6A224BB57C90073B54A /* Model.swift */; };
		F14BE6A524BB70DF0073B54A /* TableViewController.swift in Sources */ = {isa = PBXBuildFile; fileRef = F14BE6A424BB70DF0073B54A /* TableViewController.swift */; };
		F15EACD625D15336006B6154 /* Contact.swift in Sources */ = {isa = PBXBuildFile; fileRef = F15EACD525D15336006B6154 /* Contact.swift */; };
/* End PBXBuildFile section */

/* Begin PBXFileReference section */
		A32C451D0A99DD274AA6B63E /* Pods_ContactsApp.framework */ = {isa = PBXFileReference; explicitFileType = wrapper.framework; includeInIndex = 0; path = Pods_ContactsApp.framework; sourceTree = BUILT_PRODUCTS_DIR; };
		E11D5ACF7D92D6CE80EC4205 /* Pods-ContactsApp.debug.xcconfig */ = {isa = PBXFileReference; includeInIndex = 1; lastKnownFileType = text.xcconfig; name = "Pods-ContactsApp.debug.xcconfig"; path = "Target Support Files/Pods-ContactsApp/Pods-ContactsApp.debug.xcconfig"; sourceTree = "<group>"; };
		F14A454324E4472600EA5729 /* ContactViewController.swift */ = {isa = PBXFileReference; lastKnownFileType = sourcecode.swift; path = ContactViewController.swift; sourceTree = "<group>"; };
		F14BE68624BB53740073B54A /* ContactsApp.app */ = {isa = PBXFileReference; explicitFileType = wrapper.application; includeInIndex = 0; path = ContactsApp.app; sourceTree = BUILT_PRODUCTS_DIR; };
		F14BE68924BB53740073B54A /* AppDelegate.swift */ = {isa = PBXFileReference; lastKnownFileType = sourcecode.swift; path = AppDelegate.swift; sourceTree = "<group>"; };
		F14BE68B24BB53740073B54A /* SceneDelegate.swift */ = {isa = PBXFileReference; lastKnownFileType = sourcecode.swift; path = SceneDelegate.swift; sourceTree = "<group>"; };
		F14BE69024BB53740073B54A /* Base */ = {isa = PBXFileReference; lastKnownFileType = file.storyboard; name = Base; path = Base.lproj/Main.storyboard; sourceTree = "<group>"; };
		F14BE69224BB537F0073B54A /* Assets.xcassets */ = {isa = PBXFileReference; lastKnownFileType = folder.assetcatalog; path = Assets.xcassets; sourceTree = "<group>"; };
		F14BE69524BB537F0073B54A /* Base */ = {isa = PBXFileReference; lastKnownFileType = file.storyboard; name = Base; path = Base.lproj/LaunchScreen.storyboard; sourceTree = "<group>"; };
		F14BE69724BB537F0073B54A /* Info.plist */ = {isa = PBXFileReference; lastKnownFileType = text.plist.xml; path = Info.plist; sourceTree = "<group>"; };
		F14BE6A224BB57C90073B54A /* Model.swift */ = {isa = PBXFileReference; lastKnownFileType = sourcecode.swift; path = Model.swift; sourceTree = "<group>"; };
		F14BE6A424BB70DF0073B54A /* TableViewController.swift */ = {isa = PBXFileReference; lastKnownFileType = sourcecode.swift; path = TableViewController.swift; sourceTree = "<group>"; };
		F15EACD525D15336006B6154 /* Contact.swift */ = {isa = PBXFileReference; lastKnownFileType = sourcecode.swift; path = Contact.swift; sourceTree = "<group>"; };
		FA1C091F540132767D0A77B9 /* Pods-ContactsApp.release.xcconfig */ = {isa = PBXFileReference; includeInIndex = 1; lastKnownFileType = text.xcconfig; name = "Pods-ContactsApp.release.xcconfig"; path = "Target Support Files/Pods-ContactsApp/Pods-ContactsApp.release.xcconfig"; sourceTree = "<group>"; };
/* End PBXFileReference section */

/* Begin PBXFrameworksBuildPhase section */
		F14BE68324BB53740073B54A /* Frameworks */ = {
			isa = PBXFrameworksBuildPhase;
			buildActionMask = 2147483647;
			files = (
				53E32A44DCD87B85FEE4EC01 /* Pods_ContactsApp.framework in Frameworks */,
			);
			runOnlyForDeploymentPostprocessing = 0;
		};
/* End PBXFrameworksBuildPhase section */

/* Begin PBXGroup section */
		2620DF6858E66B4EFB43E97E /* Pods */ = {
			isa = PBXGroup;
			children = (
				E11D5ACF7D92D6CE80EC4205 /* Pods-ContactsApp.debug.xcconfig */,
				FA1C091F540132767D0A77B9 /* Pods-ContactsApp.release.xcconfig */,
			);
			path = Pods;
			sourceTree = "<group>";
		};
		C70818266D0A4EB8EBAE9D80 /* Frameworks */ = {
			isa = PBXGroup;
			children = (
				A32C451D0A99DD274AA6B63E /* Pods_ContactsApp.framework */,
			);
			name = Frameworks;
			sourceTree = "<group>";
		};
		F14BE67D24BB53740073B54A = {
			isa = PBXGroup;
			children = (
				F14BE68824BB53740073B54A /* ContactsApp */,
				F14BE68724BB53740073B54A /* Products */,
				2620DF6858E66B4EFB43E97E /* Pods */,
				C70818266D0A4EB8EBAE9D80 /* Frameworks */,
			);
			sourceTree = "<group>";
		};
		F14BE68724BB53740073B54A /* Products */ = {
			isa = PBXGroup;
			children = (
				F14BE68624BB53740073B54A /* ContactsApp.app */,
			);
			name = Products;
			sourceTree = "<group>";
		};
		F14BE68824BB53740073B54A /* ContactsApp */ = {
			isa = PBXGroup;
			children = (
				F191BDD825CED5A400A78996 /* Services */,
				F18161C825CED2E3007D46C4 /* Controller */,
				F18161C725CED2D9007D46C4 /* View */,
				F14BE69D24BB54540073B54A /* Model */,
				F14BE68924BB53740073B54A /* AppDelegate.swift */,
				F14BE68B24BB53740073B54A /* SceneDelegate.swift */,
				F14BE69724BB537F0073B54A /* Info.plist */,
			);
			path = ContactsApp;
			sourceTree = "<group>";
		};
		F14BE69D24BB54540073B54A /* Model */ = {
			isa = PBXGroup;
			children = (
				F15EACD525D15336006B6154 /* Contact.swift */,
			);
			path = Model;
			sourceTree = "<group>";
		};
		F18161C725CED2D9007D46C4 /* View */ = {
			isa = PBXGroup;
			children = (
				F14BE68F24BB53740073B54A /* Main.storyboard */,
				F14BE69424BB537F0073B54A /* LaunchScreen.storyboard */,
				F14BE69224BB537F0073B54A /* Assets.xcassets */,
			);
			path = View;
			sourceTree = "<group>";
		};
		F18161C825CED2E3007D46C4 /* Controller */ = {
			isa = PBXGroup;
			children = (
				F14BE6A424BB70DF0073B54A /* TableViewController.swift */,
				F14A454324E4472600EA5729 /* ContactViewController.swift */,
			);
			path = Controller;
			sourceTree = "<group>";
		};
		F191BDD825CED5A400A78996 /* Services */ = {
			isa = PBXGroup;
			children = (
				F14BE6A224BB57C90073B54A /* Model.swift */,
			);
			path = Services;
			sourceTree = "<group>";
		};
/* End PBXGroup section */

/* Begin PBXNativeTarget section */
		F14BE68524BB53740073B54A /* ContactsApp */ = {
			isa = PBXNativeTarget;
			buildConfigurationList = F14BE69A24BB537F0073B54A /* Build configuration list for PBXNativeTarget "ContactsApp" */;
			buildPhases = (
				DD4FC7BF45138A7DEE9EFF1F /* [CP] Check Pods Manifest.lock */,
				F14BE68224BB53740073B54A /* Sources */,
				F14BE68324BB53740073B54A /* Frameworks */,
				F14BE68424BB53740073B54A /* Resources */,
				5C09E01A4BCD66015C6C81C9 /* [CP] Embed Pods Frameworks */,
			);
			buildRules = (
			);
			dependencies = (
			);
			name = ContactsApp;
			productName = ContactsApp;
			productReference = F14BE68624BB53740073B54A /* ContactsApp.app */;
			productType = "com.apple.product-type.application";
		};
/* End PBXNativeTarget section */

/* Begin PBXProject section */
		F14BE67E24BB53740073B54A /* Project object */ = {
			isa = PBXProject;
			attributes = {
				LastSwiftUpdateCheck = 1130;
				LastUpgradeCheck = 1130;
				ORGANIZATIONNAME = "Никита Дмитриев";
				TargetAttributes = {
					F14BE68524BB53740073B54A = {
						CreatedOnToolsVersion = 11.3.1;
					};
				};
			};
			buildConfigurationList = F14BE68124BB53740073B54A /* Build configuration list for PBXProject "ContactsApp" */;
			compatibilityVersion = "Xcode 9.3";
			developmentRegion = en;
			hasScannedForEncodings = 0;
			knownRegions = (
				en,
				Base,
			);
			mainGroup = F14BE67D24BB53740073B54A;
			productRefGroup = F14BE68724BB53740073B54A /* Products */;
			projectDirPath = "";
			projectRoot = "";
			targets = (
				F14BE68524BB53740073B54A /* ContactsApp */,
			);
		};
/* End PBXProject section */

/* Begin PBXResourcesBuildPhase section */
		F14BE68424BB53740073B54A /* Resources */ = {
			isa = PBXResourcesBuildPhase;
			buildActionMask = 2147483647;
			files = (
				F14BE69624BB537F0073B54A /* LaunchScreen.storyboard in Resources */,
				F14BE69324BB537F0073B54A /* Assets.xcassets in Resources */,
				F14BE69124BB53740073B54A /* Main.storyboard in Resources */,
			);
			runOnlyForDeploymentPostprocessing = 0;
		};
/* End PBXResourcesBuildPhase section */

/* Begin PBXShellScriptBuildPhase section */
		5C09E01A4BCD66015C6C81C9 /* [CP] Embed Pods Frameworks */ = {
			isa = PBXShellScriptBuildPhase;
			buildActionMask = 2147483647;
			files = (
			);
			inputFileListPaths = (
				"${PODS_ROOT}/Target Support Files/Pods-ContactsApp/Pods-ContactsApp-frameworks-${CONFIGURATION}-input-files.xcfilelist",
			);
			name = "[CP] Embed Pods Frameworks";
			outputFileListPaths = (
				"${PODS_ROOT}/Target Support Files/Pods-ContactsApp/Pods-ContactsApp-frameworks-${CONFIGURATION}-output-files.xcfilelist",
			);
			runOnlyForDeploymentPostprocessing = 0;
			shellPath = /bin/sh;
			shellScript = "\"${PODS_ROOT}/Target Support Files/Pods-ContactsApp/Pods-ContactsApp-frameworks.sh\"\n";
			showEnvVarsInLog = 0;
		};
		DD4FC7BF45138A7DEE9EFF1F /* [CP] Check Pods Manifest.lock */ = {
			isa = PBXShellScriptBuildPhase;
			buildActionMask = 2147483647;
			files = (
			);
			inputFileListPaths = (
			);
			inputPaths = (
				"${PODS_PODFILE_DIR_PATH}/Podfile.lock",
				"${PODS_ROOT}/Manifest.lock",
			);
			name = "[CP] Check Pods Manifest.lock";
			outputFileListPaths = (
			);
			outputPaths = (
				"$(DERIVED_FILE_DIR)/Pods-ContactsApp-checkManifestLockResult.txt",
			);
			runOnlyForDeploymentPostprocessing = 0;
			shellPath = /bin/sh;
			shellScript = "diff \"${PODS_PODFILE_DIR_PATH}/Podfile.lock\" \"${PODS_ROOT}/Manifest.lock\" > /dev/null\nif [ $? != 0 ] ; then\n    # print error to STDERR\n    echo \"error: The sandbox is not in sync with the Podfile.lock. Run 'pod install' or update your CocoaPods installation.\" >&2\n    exit 1\nfi\n# This output is used by Xcode 'outputs' to avoid re-running this script phase.\necho \"SUCCESS\" > \"${SCRIPT_OUTPUT_FILE_0}\"\n";
			showEnvVarsInLog = 0;
		};
/* End PBXShellScriptBuildPhase section */

/* Begin PBXSourcesBuildPhase section */
		F14BE68224BB53740073B54A /* Sources */ = {
			isa = PBXSourcesBuildPhase;
			buildActionMask = 2147483647;
			files = (
				F14BE6A324BB57C90073B54A /* Model.swift in Sources */,
				F14BE68A24BB53740073B54A /* AppDelegate.swift in Sources */,
				F14BE6A524BB70DF0073B54A /* TableViewController.swift in Sources */,
				F14BE68C24BB53740073B54A /* SceneDelegate.swift in Sources */,
				F14A454424E4472600EA5729 /* ContactViewController.swift in Sources */,
				F15EACD625D15336006B6154 /* Contact.swift in Sources */,
			);
			runOnlyForDeploymentPostprocessing = 0;
		};
/* End PBXSourcesBuildPhase section */

/* Begin PBXVariantGroup section */
		F14BE68F24BB53740073B54A /* Main.storyboard */ = {
			isa = PBXVariantGroup;
			children = (
				F14BE69024BB53740073B54A /* Base */,
			);
			name = Main.storyboard;
			sourceTree = "<group>";
		};
		F14BE69424BB537F0073B54A /* LaunchScreen.storyboard */ = {
			isa = PBXVariantGroup;
			children = (
				F14BE69524BB537F0073B54A /* Base */,
			);
			name = LaunchScreen.storyboard;
			sourceTree = "<group>";
		};
/* End PBXVariantGroup section */

/* Begin XCBuildConfiguration section */
		F14BE69824BB537F0073B54A /* Debug */ = {
			isa = XCBuildConfiguration;
			buildSettings = {
				ALWAYS_SEARCH_USER_PATHS = NO;
				CLANG_ANALYZER_NONNULL = YES;
				CLANG_ANALYZER_NUMBER_OBJECT_CONVERSION = YES_AGGRESSIVE;
				CLANG_CXX_LANGUAGE_STANDARD = "gnu++14";
				CLANG_CXX_LIBRARY = "libc++";
				CLANG_ENABLE_MODULES = YES;
				CLANG_ENABLE_OBJC_ARC = YES;
				CLANG_ENABLE_OBJC_WEAK = YES;
				CLANG_WARN_BLOCK_CAPTURE_AUTORELEASING = YES;
				CLANG_WARN_BOOL_CONVERSION = YES;
				CLANG_WARN_COMMA = YES;
				CLANG_WARN_CONSTANT_CONVERSION = YES;
				CLANG_WARN_DEPRECATED_OBJC_IMPLEMENTATIONS = YES;
				CLANG_WARN_DIRECT_OBJC_ISA_USAGE = YES_ERROR;
				CLANG_WARN_DOCUMENTATION_COMMENTS = YES;
				CLANG_WARN_EMPTY_BODY = YES;
				CLANG_WARN_ENUM_CONVERSION = YES;
				CLANG_WARN_INFINITE_RECURSION = YES;
				CLANG_WARN_INT_CONVERSION = YES;
				CLANG_WARN_NON_LITERAL_NULL_CONVERSION = YES;
				CLANG_WARN_OBJC_IMPLICIT_RETAIN_SELF = YES;
				CLANG_WARN_OBJC_LITERAL_CONVERSION = YES;
				CLANG_WARN_OBJC_ROOT_CLASS = YES_ERROR;
				CLANG_WARN_RANGE_LOOP_ANALYSIS = YES;
				CLANG_WARN_STRICT_PROTOTYPES = YES;
				CLANG_WARN_SUSPICIOUS_MOVE = YES;
				CLANG_WARN_UNGUARDED_AVAILABILITY = YES_AGGRESSIVE;
				CLANG_WARN_UNREACHABLE_CODE = YES;
				CLANG_WARN__DUPLICATE_METHOD_MATCH = YES;
				COPY_PHASE_STRIP = NO;
				DEBUG_INFORMATION_FORMAT = dwarf;
				ENABLE_STRICT_OBJC_MSGSEND = YES;
				ENABLE_TESTABILITY = YES;
				GCC_C_LANGUAGE_STANDARD = gnu11;
				GCC_DYNAMIC_NO_PIC = NO;
				GCC_NO_COMMON_BLOCKS = YES;
				GCC_OPTIMIZATION_LEVEL = 0;
				GCC_PREPROCESSOR_DEFINITIONS = (
					"DEBUG=1",
					"$(inherited)",
				);
				GCC_WARN_64_TO_32_BIT_CONVERSION = YES;
				GCC_WARN_ABOUT_RETURN_TYPE = YES_ERROR;
				GCC_WARN_UNDECLARED_SELECTOR = YES;
				GCC_WARN_UNINITIALIZED_AUTOS = YES_AGGRESSIVE;
				GCC_WARN_UNUSED_FUNCTION = YES;
				GCC_WARN_UNUSED_VARIABLE = YES;
				IPHONEOS_DEPLOYMENT_TARGET = 13.2;
				MTL_ENABLE_DEBUG_INFO = INCLUDE_SOURCE;
				MTL_FAST_MATH = YES;
				ONLY_ACTIVE_ARCH = YES;
				SDKROOT = iphoneos;
				SWIFT_ACTIVE_COMPILATION_CONDITIONS = DEBUG;
				SWIFT_OPTIMIZATION_LEVEL = "-Onone";
			};
			name = Debug;
		};
		F14BE69924BB537F0073B54A /* Release */ = {
			isa = XCBuildConfiguration;
			buildSettings = {
				ALWAYS_SEARCH_USER_PATHS = NO;
				CLANG_ANALYZER_NONNULL = YES;
				CLANG_ANALYZER_NUMBER_OBJECT_CONVERSION = YES_AGGRESSIVE;
				CLANG_CXX_LANGUAGE_STANDARD = "gnu++14";
				CLANG_CXX_LIBRARY = "libc++";
				CLANG_ENABLE_MODULES = YES;
				CLANG_ENABLE_OBJC_ARC = YES;
				CLANG_ENABLE_OBJC_WEAK = YES;
				CLANG_WARN_BLOCK_CAPTURE_AUTORELEASING = YES;
				CLANG_WARN_BOOL_CONVERSION = YES;
				CLANG_WARN_COMMA = YES;
				CLANG_WARN_CONSTANT_CONVERSION = YES;
				CLANG_WARN_DEPRECATED_OBJC_IMPLEMENTATIONS = YES;
				CLANG_WARN_DIRECT_OBJC_ISA_USAGE = YES_ERROR;
				CLANG_WARN_DOCUMENTATION_COMMENTS = YES;
				CLANG_WARN_EMPTY_BODY = YES;
				CLANG_WARN_ENUM_CONVERSION = YES;
				CLANG_WARN_INFINITE_RECURSION = YES;
				CLANG_WARN_INT_CONVERSION = YES;
				CLANG_WARN_NON_LITERAL_NULL_CONVERSION = YES;
				CLANG_WARN_OBJC_IMPLICIT_RETAIN_SELF = YES;
				CLANG_WARN_OBJC_LITERAL_CONVERSION = YES;
				CLANG_WARN_OBJC_ROOT_CLASS = YES_ERROR;
				CLANG_WARN_RANGE_LOOP_ANALYSIS = YES;
				CLANG_WARN_STRICT_PROTOTYPES = YES;
				CLANG_WARN_SUSPICIOUS_MOVE = YES;
				CLANG_WARN_UNGUARDED_AVAILABILITY = YES_AGGRESSIVE;
				CLANG_WARN_UNREACHABLE_CODE = YES;
				CLANG_WARN__DUPLICATE_METHOD_MATCH = YES;
				COPY_PHASE_STRIP = NO;
				DEBUG_INFORMATION_FORMAT = "dwarf-with-dsym";
				ENABLE_NS_ASSERTIONS = NO;
				ENABLE_STRICT_OBJC_MSGSEND = YES;
				GCC_C_LANGUAGE_STANDARD = gnu11;
				GCC_NO_COMMON_BLOCKS = YES;
				GCC_WARN_64_TO_32_BIT_CONVERSION = YES;
				GCC_WARN_ABOUT_RETURN_TYPE = YES_ERROR;
				GCC_WARN_UNDECLARED_SELECTOR = YES;
				GCC_WARN_UNINITIALIZED_AUTOS = YES_AGGRESSIVE;
				GCC_WARN_UNUSED_FUNCTION = YES;
				GCC_WARN_UNUSED_VARIABLE = YES;
				IPHONEOS_DEPLOYMENT_TARGET = 13.2;
				MTL_ENABLE_DEBUG_INFO = NO;
				MTL_FAST_MATH = YES;
				SDKROOT = iphoneos;
				SWIFT_COMPILATION_MODE = wholemodule;
				SWIFT_OPTIMIZATION_LEVEL = "-O";
				VALIDATE_PRODUCT = YES;
			};
			name = Release;
		};
		F14BE69B24BB537F0073B54A /* Debug */ = {
			isa = XCBuildConfiguration;
			baseConfigurationReference = E11D5ACF7D92D6CE80EC4205 /* Pods-ContactsApp.debug.xcconfig */;
			buildSettings = {
				ASSETCATALOG_COMPILER_APPICON_NAME = AppIcon;
				CODE_SIGN_STYLE = Automatic;
				INFOPLIST_FILE = ContactsApp/Info.plist;
				LD_RUNPATH_SEARCH_PATHS = (
					"$(inherited)",
					"@executable_path/Frameworks",
				);
				PRODUCT_BUNDLE_IDENTIFIER = dmitrievNikita.com.by.ContactsApp;
				PRODUCT_NAME = "$(TARGET_NAME)";
				SWIFT_VERSION = 5.0;
				TARGETED_DEVICE_FAMILY = "1,2";
			};
			name = Debug;
		};
		F14BE69C24BB537F0073B54A /* Release */ = {
			isa = XCBuildConfiguration;
			baseConfigurationReference = FA1C091F540132767D0A77B9 /* Pods-ContactsApp.release.xcconfig */;
			buildSettings = {
				ASSETCATALOG_COMPILER_APPICON_NAME = AppIcon;
				CODE_SIGN_STYLE = Automatic;
				INFOPLIST_FILE = ContactsApp/Info.plist;
				LD_RUNPATH_SEARCH_PATHS = (
					"$(inherited)",
					"@executable_path/Frameworks",
				);
				PRODUCT_BUNDLE_IDENTIFIER = dmitrievNikita.com.by.ContactsApp;
				PRODUCT_NAME = "$(TARGET_NAME)";
				SWIFT_VERSION = 5.0;
				TARGETED_DEVICE_FAMILY = "1,2";
			};
			name = Release;
		};
/* End XCBuildConfiguration section */

/* Begin XCConfigurationList section */
		F14BE68124BB53740073B54A /* Build configuration list for PBXProject "ContactsApp" */ = {
			isa = XCConfigurationList;
			buildConfigurations = (
				F14BE69824BB537F0073B54A /* Debug */,
				F14BE69924BB537F0073B54A /* Release */,
			);
			defaultConfigurationIsVisible = 0;
			defaultConfigurationName = Release;
		};
		F14BE69A24BB537F0073B54A /* Build configuration list for PBXNativeTarget "ContactsApp" */ = {
			isa = XCConfigurationList;
			buildConfigurations = (
				F14BE69B24BB537F0073B54A /* Debug */,
				F14BE69C24BB537F0073B54A /* Release */,
			);
			defaultConfigurationIsVisible = 0;
			defaultConfigurationName = Release;
		};
/* End XCConfigurationList section */
	};
	rootObject = F14BE67E24BB53740073B54A /* Project object */;
}
